# This file is automatically @generated by Poetry 2.1.1 and should not be changed by hand.

[[package]]
name = "dotenv"
version = "0.9.9"
description = "Deprecated package"
optional = false
python-versions = "*"
groups = ["main"]
files = [
    {file = "dotenv-0.9.9-py2.py3-none-any.whl", hash = "sha256:29cf74a087b31dafdb5a446b6d7e11cbce8ed2741540e2339c69fbef92c94ce9"},
]

[package.dependencies]
python-dotenv = "*"

[[package]]
name = "python-dotenv"
version = "1.0.1"
description = "Read key-value pairs from a .env file and set them as environment variables"
optional = false
python-versions = ">=3.8"
groups = ["main"]
files = [
    {file = "python-dotenv-1.0.1.tar.gz", hash = "sha256:e324ee90a023d808f1959c46bcbc04446a10ced277783dc6ee09987c37ec10ca"},
    {file = "python_dotenv-1.0.1-py3-none-any.whl", hash = "sha256:f7b63ef50f1b690dddf550d03497b66d609393b40b564ed0d674909a68ebf16a"},
]

[package.extras]
cli = ["click (>=5.0)"]

[[package]]
name = "slack-bolt"
version = "1.22.0"
description = "The Bolt Framework for Python"
optional = false
python-versions = ">=3.6"
groups = ["main"]
files = [
    {file = "slack_bolt-1.22.0-py2.py3-none-any.whl", hash = "sha256:349097136a586617e5fb71f40f58a30fa847f664c598577f67a01f99faa1a9eb"},
    {file = "slack_bolt-1.22.0.tar.gz", hash = "sha256:b9c66d088fe3ec8bdd0494278eb500fe58092c2941de86d6822d00f4b3c7c88b"},
]

[package.dependencies]
slack_sdk = ">=3.33.5,<4"

[[package]]
name = "slack-sdk"
version = "3.34.0"
description = "The Slack API Platform SDK for Python"
optional = false
python-versions = ">=3.6"
groups = ["main"]
files = [
    {file = "slack_sdk-3.34.0-py2.py3-none-any.whl", hash = "sha256:c61f57f310d85be83466db5a98ab6ae3bb2e5587437b54fa0daa8fae6a0feffa"},
    {file = "slack_sdk-3.34.0.tar.gz", hash = "sha256:ff61db7012160eed742285ea91f11c72b7a38a6500a7f6c5335662b4bc6b853d"},
]

[package.extras]
optional = ["SQLAlchemy (>=1.4,<3)", "aiodns (>1.0)", "aiohttp (>=3.7.3,<4)", "boto3 (<=2)", "websocket-client (>=1,<2)", "websockets (>=9.1,<15)"]

[metadata]
lock-version = "2.1"
python-versions = ">=3.9"
content-hash = "1211c46b6faa9cbec7702ab08dcf0450d7cf6e3f7fd01d386d7465628cd45a96"
